
Microsoft Visual Studio Solution File, Format Version 10.00
# Visual Studio 2008
Project("{FAE04EC0-301F-11D3-BF4B-00C04F79EFBC}") = "NetHackTool", "NetHackTool.csproj", "{C1830CC6-7355-4E41-96B0-F43431CE4B6F}"
EndProject
Global
	GlobalSection(SolutionConfigurationPlatforms) = preSolution
		Debug|Any CPU = Debug|Any CPU
		Release|Any CPU = Release|Any CPU
	EndGlobalSection
	GlobalSection(ProjectConfigurationPlatforms) = postSolution
		{C1830CC6-7355-4E41-96B0-F43431CE4B6F}.Debug|Any CPU.ActiveCfg = Debug|Any CPU
		{C1830CC6-7355-4E41-96B0-F43431CE4B6F}.Debug|Any CPU.Build.0 = Debug|Any CPU
		{C1830CC6-7355-4E41-96B0-F43431CE4B6F}.Release|Any CPU.ActiveCfg = Release|Any CPU
		{C1830CC6-7355-4E41-96B0-F43431CE4B6F}.Release|Any CPU.Build.0 = Release|Any CPU
	EndGlobalSection
	GlobalSection(SolutionProperties) = preSolution
		HideSolutionNode = FALSE
	EndGlobalSection
EndGlobal
